# This file is automatically @generated by Cargo.
# It is not intended for manual editing.
version = 4

[[package]]
name = "bitflags"
version = "2.6.0"
source = "registry+https://github.com/rust-lang/crates.io-index"
checksum = "b048fb63fd8b5923fc5aa7b340d8e156aec7ec02f0c78fa8a6ddc2613f6f71de"

[[package]]
name = "command"
version = "0.1.0"
dependencies = [
 "hpack",
 "wit-bindgen-rt",
]

[[package]]
name = "hpack"
version = "0.3.0"
source = "registry+https://github.com/rust-lang/crates.io-index"
checksum = "1c68f61350ad23817dd207b035b5258d91ac5eaef69e96f906628aaed8854dda"
dependencies = [
 "log 0.3.9",
]

[[package]]
name = "log"
version = "0.3.9"
source = "registry+https://github.com/rust-lang/crates.io-index"
checksum = "e19e8d5c34a3e0e2223db8e060f9e8264aeeb5c5fc64a4ee9965c062211c024b"
dependencies = [
 "log 0.4.22",
]

[[package]]
name = "log"
version = "0.4.22"
source = "registry+https://github.com/rust-lang/crates.io-index"
checksum = "a7a70ba024b9dc04c27ea2f0c0548feb474ec5c54bba33a7f72f873a39d07b24"

[[package]]
name = "wit-bindgen-rt"
version = "0.32.0"
source = "registry+https://github.com/rust-lang/crates.io-index"
checksum = "5ca6f307148acf7199e492fd3781cc7b79f8f3eda003c0ac3aa8079449601ccb"
dependencies = [
 "bitflags",
]
